// !$*UTF8*$!
{
	archiveVersion = 1;
	classes = {
	};
	objectVersion = 50;
	objects = {

/* Begin PBXBuildFile section */
		7A359CA124F516FE00E669B0 /* AppDelegate.swift in Sources */ = {isa = PBXBuildFile; fileRef = 7A359CA024F516FE00E669B0 /* AppDelegate.swift */; };
		7A359CA324F516FE00E669B0 /* SceneDelegate.swift in Sources */ = {isa = PBXBuildFile; fileRef = 7A359CA224F516FE00E669B0 /* SceneDelegate.swift */; };
		7A359CA524F516FE00E669B0 /* ViewController.swift in Sources */ = {isa = PBXBuildFile; fileRef = 7A359CA424F516FE00E669B0 /* ViewController.swift */; };
		7A359CA824F516FE00E669B0 /* Main.storyboard in Resources */ = {isa = PBXBuildFile; fileRef = 7A359CA624F516FE00E669B0 /* Main.storyboard */; };
		7A359CAA24F516FF00E669B0 /* Assets.xcassets in Resources */ = {isa = PBXBuildFile; fileRef = 7A359CA924F516FF00E669B0 /* Assets.xcassets */; };
		7A359CAD24F516FF00E669B0 /* LaunchScreen.storyboard in Resources */ = {isa = PBXBuildFile; fileRef = 7A359CAB24F516FF00E669B0 /* LaunchScreen.storyboard */; };
		7AC8116524F81C660060E9A8 /* AppearenceViewController.swift in Sources */ = {isa = PBXBuildFile; fileRef = 7AC8116424F81C660060E9A8 /* AppearenceViewController.swift */; };
		7AC8116724F81CEC0060E9A8 /* InfoViewController.swift in Sources */ = {isa = PBXBuildFile; fileRef = 7AC8116624F81CEC0060E9A8 /* InfoViewController.swift */; };
/* End PBXBuildFile section */

/* Begin PBXFileReference section */
		7A359C9D24F516FE00E669B0 /* WeeklyDayFinder.app */ = {isa = PBXFileReference; explicitFileType = wrapper.application; includeInIndex = 0; path = WeeklyDayFinder.app; sourceTree = BUILT_PRODUCTS_DIR; };
		7A359CA024F516FE00E669B0 /* AppDelegate.swift */ = {isa = PBXFileReference; lastKnownFileType = sourcecode.swift; path = AppDelegate.swift; sourceTree = "<group>"; };
		7A359CA224F516FE00E669B0 /* SceneDelegate.swift */ = {isa = PBXFileReference; lastKnownFileType = sourcecode.swift; path = SceneDelegate.swift; sourceTree = "<group>"; };
		7A359CA424F516FE00E669B0 /* ViewController.swift */ = {isa = PBXFileReference; lastKnownFileType = sourcecode.swift; path = ViewController.swift; sourceTree = "<group>"; };
		7A359CA724F516FE00E669B0 /* Base */ = {isa = PBXFileReference; lastKnownFileType = file.storyboard; name = Base; path = Base.lproj/Main.storyboard; sourceTree = "<group>"; };
		7A359CA924F516FF00E669B0 /* Assets.xcassets */ = {isa = PBXFileReference; lastKnownFileType = folder.assetcatalog; path = Assets.xcassets; sourceTree = "<group>"; };
		7A359CAC24F516FF00E669B0 /* Base */ = {isa = PBXFileReference; lastKnownFileType = file.storyboard; name = Base; path = Base.lproj/LaunchScreen.storyboard; sourceTree = "<group>"; };
		7A359CAE24F516FF00E669B0 /* Info.plist */ = {isa = PBXFileReference; lastKnownFileType = text.plist.xml; path = Info.plist; sourceTree = "<group>"; };
		7AC8116424F81C660060E9A8 /* AppearenceViewController.swift */ = {isa = PBXFileReference; lastKnownFileType = sourcecode.swift; path = AppearenceViewController.swift; sourceTree = "<group>"; };
		7AC8116624F81CEC0060E9A8 /* InfoViewController.swift */ = {isa = PBXFileReference; lastKnownFileType = sourcecode.swift; path = InfoViewController.swift; sourceTree = "<group>"; };
/* End PBXFileReference section */

/* Begin PBXFrameworksBuildPhase section */
		7A359C9A24F516FE00E669B0 /* Frameworks */ = {
			isa = PBXFrameworksBuildPhase;
			buildActionMask = 2147483647;
			files = (
			);
			runOnlyForDeploymentPostprocessing = 0;
		};
/* End PBXFrameworksBuildPhase section */

/* Begin PBXGroup section */
		7A359C9424F516FE00E669B0 = {
			isa = PBXGroup;
			children = (
				7A359C9F24F516FE00E669B0 /* WeeklyDayFinder */,
				7A359C9E24F516FE00E669B0 /* Products */,
			);
			sourceTree = "<group>";
		};
		7A359C9E24F516FE00E669B0 /* Products */ = {
			isa = PBXGroup;
			children = (
				7A359C9D24F516FE00E669B0 /* WeeklyDayFinder.app */,
			);
			name = Products;
			sourceTree = "<group>";
		};
		7A359C9F24F516FE00E669B0 /* WeeklyDayFinder */ = {
			isa = PBXGroup;
			children = (
				7A359CA024F516FE00E669B0 /* AppDelegate.swift */,
				7A359CA224F516FE00E669B0 /* SceneDelegate.swift */,
				7A359CA424F516FE00E669B0 /* ViewController.swift */,
				7A359CA624F516FE00E669B0 /* Main.storyboard */,
				7AC8116424F81C660060E9A8 /* AppearenceViewController.swift */,
				7AC8116624F81CEC0060E9A8 /* InfoViewController.swift */,
				7A359CA924F516FF00E669B0 /* Assets.xcassets */,
				7A359CAB24F516FF00E669B0 /* LaunchScreen.storyboard */,
				7A359CAE24F516FF00E669B0 /* Info.plist */,
			);
			path = WeeklyDayFinder;
			sourceTree = "<group>";
		};
/* End PBXGroup section */

/* Begin PBXNativeTarget section */
		7A359C9C24F516FE00E669B0 /* WeeklyDayFinder */ = {
			isa = PBXNativeTarget;
			buildConfigurationList = 7A359CB124F516FF00E669B0 /* Build configuration list for PBXNativeTarget "WeeklyDayFinder" */;
			buildPhases = (
				7A359C9924F516FE00E669B0 /* Sources */,
				7A359C9A24F516FE00E669B0 /* Frameworks */,
				7A359C9B24F516FE00E669B0 /* Resources */,
			);
			buildRules = (
			);
			dependencies = (
			);
			name = WeeklyDayFinder;
			productName = WeeklyDayFinder;
			productReference = 7A359C9D24F516FE00E669B0 /* WeeklyDayFinder.app */;
			productType = "com.apple.product-type.application";
		};
/* End PBXNativeTarget section */

/* Begin PBXProject section */
		7A359C9524F516FE00E669B0 /* Project object */ = {
			isa = PBXProject;
			attributes = {
				LastSwiftUpdateCheck = 1160;
				LastUpgradeCheck = 1160;
				ORGANIZATIONNAME = "Inga Kirsona";
				TargetAttributes = {
					7A359C9C24F516FE00E669B0 = {
						CreatedOnToolsVersion = 11.6;
					};
				};
			};
			buildConfigurationList = 7A359C9824F516FE00E669B0 /* Build configuration list for PBXProject "WeeklyDayFinder" */;
			compatibilityVersion = "Xcode 9.3";
			developmentRegion = en;
			hasScannedForEncodings = 0;
			knownRegions = (
				en,
				Base,
			);
			mainGroup = 7A359C9424F516FE00E669B0;
			productRefGroup = 7A359C9E24F516FE00E669B0 /* Products */;
			projectDirPath = "";
			projectRoot = "";
			targets = (
				7A359C9C24F516FE00E669B0 /* WeeklyDayFinder */,
			);
		};
/* End PBXProject section */

/* Begin PBXResourcesBuildPhase section */
		7A359C9B24F516FE00E669B0 /* Resources */ = {
			isa = PBXResourcesBuildPhase;
			buildActionMask = 2147483647;
			files = (
				7A359CAD24F516FF00E669B0 /* LaunchScreen.storyboard in Resources */,
				7A359CAA24F516FF00E669B0 /* Assets.xcassets in Resources */,
				7A359CA824F516FE00E669B0 /* Main.storyboard in Resources */,
			);
			runOnlyForDeploymentPostprocessing = 0;
		};
/* End PBXResourcesBuildPhase section */

/* Begin PBXSourcesBuildPhase section */
		7A359C9924F516FE00E669B0 /* Sources */ = {
			isa = PBXSourcesBuildPhase;
			buildActionMask = 2147483647;
			files = (
				7AC8116524F81C660060E9A8 /* AppearenceViewController.swift in Sources */,
				7A359CA524F516FE00E669B0 /* ViewController.swift in Sources */,
				7A359CA124F516FE00E669B0 /* AppDelegate.swift in Sources */,
				7A359CA324F516FE00E669B0 /* SceneDelegate.swift in Sources */,
				7AC8116724F81CEC0060E9A8 /* InfoViewController.swift in Sources */,
			);
			runOnlyForDeploymentPostprocessing = 0;
		};
/* End PBXSourcesBuildPhase section */

/* Begin PBXVariantGroup section */
		7A359CA624F516FE00E669B0 /* Main.storyboard */ = {
			isa = PBXVariantGroup;
			children = (
				7A359CA724F516FE00E669B0 /* Base */,
			);
			name = Main.storyboard;
			sourceTree = "<group>";
		};
		7A359CAB24F516FF00E669B0 /* LaunchScreen.storyboard */ = {
			isa = PBXVariantGroup;
			children = (
				7A359CAC24F516FF00E669B0 /* Base */,
			);
			name = LaunchScreen.storyboard;
			sourceTree = "<group>";
		};
/* End PBXVariantGroup section */

/* Begin XCBuildConfiguration section */
		7A359CAF24F516FF00E669B0 /* Debug */ = {
			isa = XCBuildConfiguration;
			buildSettings = {
				ALWAYS_SEARCH_USER_PATHS = NO;
				CLANG_ANALYZER_NONNULL = YES;
				CLANG_ANALYZER_NUMBER_OBJECT_CONVERSION = YES_AGGRESSIVE;
				CLANG_CXX_LANGUAGE_STANDARD = "gnu++14";
				CLANG_CXX_LIBRARY = "libc++";
				CLANG_ENABLE_MODULES = YES;
				CLANG_ENABLE_OBJC_ARC = YES;
				CLANG_ENABLE_OBJC_WEAK = YES;
				CLANG_WARN_BLOCK_CAPTURE_AUTORELEASING = YES;
				CLANG_WARN_BOOL_CONVERSION = YES;
				CLANG_WARN_COMMA = YES;
				CLANG_WARN_CONSTANT_CONVERSION = YES;
				CLANG_WARN_DEPRECATED_OBJC_IMPLEMENTATIONS = YES;
				CLANG_WARN_DIRECT_OBJC_ISA_USAGE = YES_ERROR;
				CLANG_WARN_DOCUMENTATION_COMMENTS = YES;
				CLANG_WARN_EMPTY_BODY = YES;
				CLANG_WARN_ENUM_CONVERSION = YES;
				CLANG_WARN_INFINITE_RECURSION = YES;
				CLANG_WARN_INT_CONVERSION = YES;
				CLANG_WARN_NON_LITERAL_NULL_CONVERSION = YES;
				CLANG_WARN_OBJC_IMPLICIT_RETAIN_SELF = YES;
				CLANG_WARN_OBJC_LITERAL_CONVERSION = YES;
				CLANG_WARN_OBJC_ROOT_CLASS = YES_ERROR;
				CLANG_WARN_RANGE_LOOP_ANALYSIS = YES;
				CLANG_WARN_STRICT_PROTOTYPES = YES;
				CLANG_WARN_SUSPICIOUS_MOVE = YES;
				CLANG_WARN_UNGUARDED_AVAILABILITY = YES_AGGRESSIVE;
				CLANG_WARN_UNREACHABLE_CODE = YES;
				CLANG_WARN__DUPLICATE_METHOD_MATCH = YES;
				COPY_PHASE_STRIP = NO;
				DEBUG_INFORMATION_FORMAT = dwarf;
				ENABLE_STRICT_OBJC_MSGSEND = YES;
				ENABLE_TESTABILITY = YES;
				GCC_C_LANGUAGE_STANDARD = gnu11;
				GCC_DYNAMIC_NO_PIC = NO;
				GCC_NO_COMMON_BLOCKS = YES;
				GCC_OPTIMIZATION_LEVEL = 0;
				GCC_PREPROCESSOR_DEFINITIONS = (
					"DEBUG=1",
					"$(inherited)",
				);
				GCC_WARN_64_TO_32_BIT_CONVERSION = YES;
				GCC_WARN_ABOUT_RETURN_TYPE = YES_ERROR;
				GCC_WARN_UNDECLARED_SELECTOR = YES;
				GCC_WARN_UNINITIALIZED_AUTOS = YES_AGGRESSIVE;
				GCC_WARN_UNUSED_FUNCTION = YES;
				GCC_WARN_UNUSED_VARIABLE = YES;
				IPHONEOS_DEPLOYMENT_TARGET = 13.6;
				MTL_ENABLE_DEBUG_INFO = INCLUDE_SOURCE;
				MTL_FAST_MATH = YES;
				ONLY_ACTIVE_ARCH = YES;
				SDKROOT = iphoneos;
				SWIFT_ACTIVE_COMPILATION_CONDITIONS = DEBUG;
				SWIFT_OPTIMIZATION_LEVEL = "-Onone";
			};
			name = Debug;
		};
		7A359CB024F516FF00E669B0 /* Release */ = {
			isa = XCBuildConfiguration;
			buildSettings = {
				ALWAYS_SEARCH_USER_PATHS = NO;
				CLANG_ANALYZER_NONNULL = YES;
				CLANG_ANALYZER_NUMBER_OBJECT_CONVERSION = YES_AGGRESSIVE;
				CLANG_CXX_LANGUAGE_STANDARD = "gnu++14";
				CLANG_CXX_LIBRARY = "libc++";
				CLANG_ENABLE_MODULES = YES;
				CLANG_ENABLE_OBJC_ARC = YES;
				CLANG_ENABLE_OBJC_WEAK = YES;
				CLANG_WARN_BLOCK_CAPTURE_AUTORELEASING = YES;
				CLANG_WARN_BOOL_CONVERSION = YES;
				CLANG_WARN_COMMA = YES;
				CLANG_WARN_CONSTANT_CONVERSION = YES;
				CLANG_WARN_DEPRECATED_OBJC_IMPLEMENTATIONS = YES;
				CLANG_WARN_DIRECT_OBJC_ISA_USAGE = YES_ERROR;
				CLANG_WARN_DOCUMENTATION_COMMENTS = YES;
				CLANG_WARN_EMPTY_BODY = YES;
				CLANG_WARN_ENUM_CONVERSION = YES;
				CLANG_WARN_INFINITE_RECURSION = YES;
				CLANG_WARN_INT_CONVERSION = YES;
				CLANG_WARN_NON_LITERAL_NULL_CONVERSION = YES;
				CLANG_WARN_OBJC_IMPLICIT_RETAIN_SELF = YES;
				CLANG_WARN_OBJC_LITERAL_CONVERSION = YES;
				CLANG_WARN_OBJC_ROOT_CLASS = YES_ERROR;
				CLANG_WARN_RANGE_LOOP_ANALYSIS = YES;
				CLANG_WARN_STRICT_PROTOTYPES = YES;
				CLANG_WARN_SUSPICIOUS_MOVE = YES;
				CLANG_WARN_UNGUARDED_AVAILABILITY = YES_AGGRESSIVE;
				CLANG_WARN_UNREACHABLE_CODE = YES;
				CLANG_WARN__DUPLICATE_METHOD_MATCH = YES;
				COPY_PHASE_STRIP = NO;
				DEBUG_INFORMATION_FORMAT = "dwarf-with-dsym";
				ENABLE_NS_ASSERTIONS = NO;
				ENABLE_STRICT_OBJC_MSGSEND = YES;
				GCC_C_LANGUAGE_STANDARD = gnu11;
				GCC_NO_COMMON_BLOCKS = YES;
				GCC_WARN_64_TO_32_BIT_CONVERSION = YES;
				GCC_WARN_ABOUT_RETURN_TYPE = YES_ERROR;
				GCC_WARN_UNDECLARED_SELECTOR = YES;
				GCC_WARN_UNINITIALIZED_AUTOS = YES_AGGRESSIVE;
				GCC_WARN_UNUSED_FUNCTION = YES;
				GCC_WARN_UNUSED_VARIABLE = YES;
				IPHONEOS_DEPLOYMENT_TARGET = 13.6;
				MTL_ENABLE_DEBUG_INFO = NO;
				MTL_FAST_MATH = YES;
				SDKROOT = iphoneos;
				SWIFT_COMPILATION_MODE = wholemodule;
				SWIFT_OPTIMIZATION_LEVEL = "-O";
				VALIDATE_PRODUCT = YES;
			};
			name = Release;
		};
		7A359CB224F516FF00E669B0 /* Debug */ = {
			isa = XCBuildConfiguration;
			buildSettings = {
				ASSETCATALOG_COMPILER_APPICON_NAME = AppIcon;
				CODE_SIGN_STYLE = Automatic;
				DEVELOPMENT_TEAM = SSRUF8Q779;
				INFOPLIST_FILE = WeeklyDayFinder/Info.plist;
				LD_RUNPATH_SEARCH_PATHS = (
					"$(inherited)",
					"@executable_path/Frameworks",
				);
				PRODUCT_BUNDLE_IDENTIFIER = lv.ingasapp.WeeklyDayFinder;
				PRODUCT_NAME = "$(TARGET_NAME)";
				SWIFT_VERSION = 5.0;
				TARGETED_DEVICE_FAMILY = "1,2";
			};
			name = Debug;
		};
		7A359CB324F516FF00E669B0 /* Release */ = {
			isa = XCBuildConfiguration;
			buildSettings = {
				ASSETCATALOG_COMPILER_APPICON_NAME = AppIcon;
				CODE_SIGN_STYLE = Automatic;
				DEVELOPMENT_TEAM = SSRUF8Q779;
				INFOPLIST_FILE = WeeklyDayFinder/Info.plist;
				LD_RUNPATH_SEARCH_PATHS = (
					"$(inherited)",
					"@executable_path/Frameworks",
				);
				PRODUCT_BUNDLE_IDENTIFIER = lv.ingasapp.WeeklyDayFinder;
				PRODUCT_NAME = "$(TARGET_NAME)";
				SWIFT_VERSION = 5.0;
				TARGETED_DEVICE_FAMILY = "1,2";
			};
			name = Release;
		};
/* End XCBuildConfiguration section */

/* Begin XCConfigurationList section */
		7A359C9824F516FE00E669B0 /* Build configuration list for PBXProject "WeeklyDayFinder" */ = {
			isa = XCConfigurationList;
			buildConfigurations = (
				7A359CAF24F516FF00E669B0 /* Debug */,
				7A359CB024F516FF00E669B0 /* Release */,
			);
			defaultConfigurationIsVisible = 0;
			defaultConfigurationName = Release;
		};
		7A359CB124F516FF00E669B0 /* Build configuration list for PBXNativeTarget "WeeklyDayFinder" */ = {
			isa = XCConfigurationList;
			buildConfigurations = (
				7A359CB224F516FF00E669B0 /* Debug */,
				7A359CB324F516FF00E669B0 /* Release */,
			);
			defaultConfigurationIsVisible = 0;
			defaultConfigurationName = Release;
		};
/* End XCConfigurationList section */
	};
	rootObject = 7A359C9524F516FE00E669B0 /* Project object */;
}
